
Microsoft Visual Studio Solution File, Format Version 12.00
# Visual Studio Version 16
VisualStudioVersion = 16.0.29020.237
MinimumVisualStudioVersion = 10.0.40219.1
Project("{FAE04EC0-301F-11D3-BF4B-00C04F79EFBC}") = "HelloNMC", "HelloNMC\HelloNMC.csproj", "{FE35BC13-CA36-40C8-A6FF-522A8D28959A}"
EndProject
Global
	GlobalSection(SolutionConfigurationPlatforms) = preSolution
		Debug|Any CPU = Debug|Any CPU
		Release|Any CPU = Release|Any CPU
	EndGlobalSection
	GlobalSection(ProjectConfigurationPlatforms) = postSolution
		{FE35BC13-CA36-40C8-A6FF-522A8D28959A}.Debug|Any CPU.ActiveCfg = Debug|Any CPU
		{FE35BC13-CA36-40C8-A6FF-522A8D28959A}.Debug|Any CPU.Build.0 = Debug|Any CPU
		{FE35BC13-CA36-40C8-A6FF-522A8D28959A}.Release|Any CPU.ActiveCfg = Release|Any CPU
		{FE35BC13-CA36-40C8-A6FF-522A8D28959A}.Release|Any CPU.Build.0 = Release|Any CPU
	EndGlobalSection
	GlobalSection(SolutionProperties) = preSolution
		HideSolutionNode = FALSE
	EndGlobalSection
	GlobalSection(ExtensibilityGlobals) = postSolution
		SolutionGuid = {F51A2A7F-3F14-488F-B793-DDE6C8D782E5}
	EndGlobalSection
EndGlobal
